// !$*UTF8*$!
{
	archiveVersion = 1;
	classes = {
	};
	objectVersion = 77;
	objects = {

/* Begin PBXBuildFile section */
		666A46A42D7346F800C91A5F /* FirebaseAnalytics in Frameworks */ = {isa = PBXBuildFile; productRef = 666A46A32D7346F800C91A5F /* FirebaseAnalytics */; };
		666A46A62D7346F800C91A5F /* FirebaseAnalyticsOnDeviceConversion in Frameworks */ = {isa = PBXBuildFile; productRef = 666A46A52D7346F800C91A5F /* FirebaseAnalyticsOnDeviceConversion */; };
		666A46A82D7346F800C91A5F /* FirebaseAnalyticsWithoutAdIdSupport in Frameworks */ = {isa = PBXBuildFile; productRef = 666A46A72D7346F800C91A5F /* FirebaseAnalyticsWithoutAdIdSupport */; };
		666A46AA2D7346F800C91A5F /* FirebaseAppCheck in Frameworks */ = {isa = PBXBuildFile; productRef = 666A46A92D7346F800C91A5F /* FirebaseAppCheck */; };
		666A46AC2D7346F800C91A5F /* FirebaseAppDistribution-Beta in Frameworks */ = {isa = PBXBuildFile; productRef = 666A46AB2D7346F800C91A5F /* FirebaseAppDistribution-Beta */; };
		666A46AE2D7346F800C91A5F /* FirebaseAuth in Frameworks */ = {isa = PBXBuildFile; productRef = 666A46AD2D7346F800C91A5F /* FirebaseAuth */; };
		666A46B02D7346F800C91A5F /* FirebaseAuthCombine-Community in Frameworks */ = {isa = PBXBuildFile; productRef = 666A46AF2D7346F800C91A5F /* FirebaseAuthCombine-Community */; };
		666A46B22D7346F800C91A5F /* FirebaseCore in Frameworks */ = {isa = PBXBuildFile; productRef = 666A46B12D7346F800C91A5F /* FirebaseCore */; };
/* End PBXBuildFile section */

/* Begin PBXContainerItemProxy section */
		66C7B5632D73411E006E8523 /* PBXContainerItemProxy */ = {
			isa = PBXContainerItemProxy;
			containerPortal = 66C7B54A2D73411C006E8523 /* Project object */;
			proxyType = 1;
			remoteGlobalIDString = 66C7B5512D73411C006E8523;
			remoteInfo = PawfectPlanner;
		};
		66C7B56D2D73411E006E8523 /* PBXContainerItemProxy */ = {
			isa = PBXContainerItemProxy;
			containerPortal = 66C7B54A2D73411C006E8523 /* Project object */;
			proxyType = 1;
			remoteGlobalIDString = 66C7B5512D73411C006E8523;
			remoteInfo = PawfectPlanner;
		};
/* End PBXContainerItemProxy section */

/* Begin PBXFileReference section */
		66C7B5522D73411C006E8523 /* PawfectPlanner.app */ = {isa = PBXFileReference; explicitFileType = wrapper.application; includeInIndex = 0; path = PawfectPlanner.app; sourceTree = BUILT_PRODUCTS_DIR; };
		66C7B5622D73411E006E8523 /* PawfectPlannerTests.xctest */ = {isa = PBXFileReference; explicitFileType = wrapper.cfbundle; includeInIndex = 0; path = PawfectPlannerTests.xctest; sourceTree = BUILT_PRODUCTS_DIR; };
		66C7B56C2D73411E006E8523 /* PawfectPlannerUITests.xctest */ = {isa = PBXFileReference; explicitFileType = wrapper.cfbundle; includeInIndex = 0; path = PawfectPlannerUITests.xctest; sourceTree = BUILT_PRODUCTS_DIR; };
/* End PBXFileReference section */

/* Begin PBXFileSystemSynchronizedRootGroup section */
		66C7B5542D73411C006E8523 /* PawfectPlanner */ = {
			isa = PBXFileSystemSynchronizedRootGroup;
			path = PawfectPlanner;
			sourceTree = "<group>";
		};
		66C7B5652D73411E006E8523 /* PawfectPlannerTests */ = {
			isa = PBXFileSystemSynchronizedRootGroup;
			path = PawfectPlannerTests;
			sourceTree = "<group>";
		};
		66C7B56F2D73411E006E8523 /* PawfectPlannerUITests */ = {
			isa = PBXFileSystemSynchronizedRootGroup;
			path = PawfectPlannerUITests;
			sourceTree = "<group>";
		};
/* End PBXFileSystemSynchronizedRootGroup section */

/* Begin PBXFrameworksBuildPhase section */
		66C7B54F2D73411C006E8523 /* Frameworks */ = {
			isa = PBXFrameworksBuildPhase;
			buildActionMask = 2147483647;
			files = (
				666A46AA2D7346F800C91A5F /* FirebaseAppCheck in Frameworks */,
				666A46AE2D7346F800C91A5F /* FirebaseAuth in Frameworks */,
				666A46A42D7346F800C91A5F /* FirebaseAnalytics in Frameworks */,
				666A46AC2D7346F800C91A5F /* FirebaseAppDistribution-Beta in Frameworks */,
				666A46A82D7346F800C91A5F /* FirebaseAnalyticsWithoutAdIdSupport in Frameworks */,
				666A46B02D7346F800C91A5F /* FirebaseAuthCombine-Community in Frameworks */,
				666A46B22D7346F800C91A5F /* FirebaseCore in Frameworks */,
				666A46A62D7346F800C91A5F /* FirebaseAnalyticsOnDeviceConversion in Frameworks */,
			);
			runOnlyForDeploymentPostprocessing = 0;
		};
		66C7B55F2D73411E006E8523 /* Frameworks */ = {
			isa = PBXFrameworksBuildPhase;
			buildActionMask = 2147483647;
			files = (
			);
			runOnlyForDeploymentPostprocessing = 0;
		};
		66C7B5692D73411E006E8523 /* Frameworks */ = {
			isa = PBXFrameworksBuildPhase;
			buildActionMask = 2147483647;
			files = (
			);
			runOnlyForDeploymentPostprocessing = 0;
		};
/* End PBXFrameworksBuildPhase section */

/* Begin PBXGroup section */
		66C7B5492D73411C006E8523 = {
			isa = PBXGroup;
			children = (
				66C7B5652D73411E006E8523 /* PawfectPlannerTests */,
				66C7B56F2D73411E006E8523 /* PawfectPlannerUITests */,
				66C7B5532D73411C006E8523 /* Products */,
				66C7B5542D73411C006E8523 /* PawfectPlanner */,
			);
			sourceTree = "<group>";
		};
		66C7B5532D73411C006E8523 /* Products */ = {
			isa = PBXGroup;
			children = (
				66C7B5522D73411C006E8523 /* PawfectPlanner.app */,
				66C7B5622D73411E006E8523 /* PawfectPlannerTests.xctest */,
				66C7B56C2D73411E006E8523 /* PawfectPlannerUITests.xctest */,
			);
			name = Products;
			sourceTree = "<group>";
		};
/* End PBXGroup section */

/* Begin PBXNativeTarget section */
		66C7B5512D73411C006E8523 /* PawfectPlanner */ = {
			isa = PBXNativeTarget;
			buildConfigurationList = 66C7B5762D73411E006E8523 /* Build configuration list for PBXNativeTarget "PawfectPlanner" */;
			buildPhases = (
				66C7B54E2D73411C006E8523 /* Sources */,
				66C7B54F2D73411C006E8523 /* Frameworks */,
				66C7B5502D73411C006E8523 /* Resources */,
			);
			buildRules = (
			);
			dependencies = (
			);
			fileSystemSynchronizedGroups = (
				66C7B5542D73411C006E8523 /* PawfectPlanner */,
			);
			name = PawfectPlanner;
			packageProductDependencies = (
				666A46A32D7346F800C91A5F /* FirebaseAnalytics */,
				666A46A52D7346F800C91A5F /* FirebaseAnalyticsOnDeviceConversion */,
				666A46A72D7346F800C91A5F /* FirebaseAnalyticsWithoutAdIdSupport */,
				666A46A92D7346F800C91A5F /* FirebaseAppCheck */,
				666A46AB2D7346F800C91A5F /* FirebaseAppDistribution-Beta */,
				666A46AD2D7346F800C91A5F /* FirebaseAuth */,
				666A46AF2D7346F800C91A5F /* FirebaseAuthCombine-Community */,
				666A46B12D7346F800C91A5F /* FirebaseCore */,
			);
			productName = PawfectPlanner;
			productReference = 66C7B5522D73411C006E8523 /* PawfectPlanner.app */;
			productType = "com.apple.product-type.application";
		};
		66C7B5612D73411E006E8523 /* PawfectPlannerTests */ = {
			isa = PBXNativeTarget;
			buildConfigurationList = 66C7B5792D73411E006E8523 /* Build configuration list for PBXNativeTarget "PawfectPlannerTests" */;
			buildPhases = (
				66C7B55E2D73411E006E8523 /* Sources */,
				66C7B55F2D73411E006E8523 /* Frameworks */,
				66C7B5602D73411E006E8523 /* Resources */,
			);
			buildRules = (
			);
			dependencies = (
				66C7B5642D73411E006E8523 /* PBXTargetDependency */,
			);
			fileSystemSynchronizedGroups = (
				66C7B5652D73411E006E8523 /* PawfectPlannerTests */,
			);
			name = PawfectPlannerTests;
			packageProductDependencies = (
			);
			productName = PawfectPlannerTests;
			productReference = 66C7B5622D73411E006E8523 /* PawfectPlannerTests.xctest */;
			productType = "com.apple.product-type.bundle.unit-test";
		};
		66C7B56B2D73411E006E8523 /* PawfectPlannerUITests */ = {
			isa = PBXNativeTarget;
			buildConfigurationList = 66C7B57C2D73411E006E8523 /* Build configuration list for PBXNativeTarget "PawfectPlannerUITests" */;
			buildPhases = (
				66C7B5682D73411E006E8523 /* Sources */,
				66C7B5692D73411E006E8523 /* Frameworks */,
				66C7B56A2D73411E006E8523 /* Resources */,
			);
			buildRules = (
			);
			dependencies = (
				66C7B56E2D73411E006E8523 /* PBXTargetDependency */,
			);
			fileSystemSynchronizedGroups = (
				66C7B56F2D73411E006E8523 /* PawfectPlannerUITests */,
			);
			name = PawfectPlannerUITests;
			packageProductDependencies = (
			);
			productName = PawfectPlannerUITests;
			productReference = 66C7B56C2D73411E006E8523 /* PawfectPlannerUITests.xctest */;
			productType = "com.apple.product-type.bundle.ui-testing";
		};
/* End PBXNativeTarget section */

/* Begin PBXProject section */
		66C7B54A2D73411C006E8523 /* Project object */ = {
			isa = PBXProject;
			attributes = {
				BuildIndependentTargetsInParallel = 1;
				LastSwiftUpdateCheck = 1620;
				LastUpgradeCheck = 1620;
				TargetAttributes = {
					66C7B5512D73411C006E8523 = {
						CreatedOnToolsVersion = 16.2;
					};
					66C7B5612D73411E006E8523 = {
						CreatedOnToolsVersion = 16.2;
						TestTargetID = 66C7B5512D73411C006E8523;
					};
					66C7B56B2D73411E006E8523 = {
						CreatedOnToolsVersion = 16.2;
						TestTargetID = 66C7B5512D73411C006E8523;
					};
				};
			};
			buildConfigurationList = 66C7B54D2D73411C006E8523 /* Build configuration list for PBXProject "PawfectPlanner" */;
			developmentRegion = en;
			hasScannedForEncodings = 0;
			knownRegions = (
				en,
				Base,
			);
			mainGroup = 66C7B5492D73411C006E8523;
			minimizedProjectReferenceProxies = 1;
			packageReferences = (
				666A46A22D73449A00C91A5F /* XCRemoteSwiftPackageReference "firebase-ios-sdk" */,
			);
			preferredProjectObjectVersion = 77;
			productRefGroup = 66C7B5532D73411C006E8523 /* Products */;
			projectDirPath = "";
			projectRoot = "";
			targets = (
				66C7B5512D73411C006E8523 /* PawfectPlanner */,
				66C7B5612D73411E006E8523 /* PawfectPlannerTests */,
				66C7B56B2D73411E006E8523 /* PawfectPlannerUITests */,
			);
		};
/* End PBXProject section */

/* Begin PBXResourcesBuildPhase section */
		66C7B5502D73411C006E8523 /* Resources */ = {
			isa = PBXResourcesBuildPhase;
			buildActionMask = 2147483647;
			files = (
			);
			runOnlyForDeploymentPostprocessing = 0;
		};
		66C7B5602D73411E006E8523 /* Resources */ = {
			isa = PBXResourcesBuildPhase;
			buildActionMask = 2147483647;
			files = (
			);
			runOnlyForDeploymentPostprocessing = 0;
		};
		66C7B56A2D73411E006E8523 /* Resources */ = {
			isa = PBXResourcesBuildPhase;
			buildActionMask = 2147483647;
			files = (
			);
			runOnlyForDeploymentPostprocessing = 0;
		};
/* End PBXResourcesBuildPhase section */

/* Begin PBXSourcesBuildPhase section */
		66C7B54E2D73411C006E8523 /* Sources */ = {
			isa = PBXSourcesBuildPhase;
			buildActionMask = 2147483647;
			files = (
			);
			runOnlyForDeploymentPostprocessing = 0;
		};
		66C7B55E2D73411E006E8523 /* Sources */ = {
			isa = PBXSourcesBuildPhase;
			buildActionMask = 2147483647;
			files = (
			);
			runOnlyForDeploymentPostprocessing = 0;
		};
		66C7B5682D73411E006E8523 /* Sources */ = {
			isa = PBXSourcesBuildPhase;
			buildActionMask = 2147483647;
			files = (
			);
			runOnlyForDeploymentPostprocessing = 0;
		};
/* End PBXSourcesBuildPhase section */

/* Begin PBXTargetDependency section */
		66C7B5642D73411E006E8523 /* PBXTargetDependency */ = {
			isa = PBXTargetDependency;
			target = 66C7B5512D73411C006E8523 /* PawfectPlanner */;
			targetProxy = 66C7B5632D73411E006E8523 /* PBXContainerItemProxy */;
		};
		66C7B56E2D73411E006E8523 /* PBXTargetDependency */ = {
			isa = PBXTargetDependency;
			target = 66C7B5512D73411C006E8523 /* PawfectPlanner */;
			targetProxy = 66C7B56D2D73411E006E8523 /* PBXContainerItemProxy */;
		};
/* End PBXTargetDependency section */

/* Begin XCBuildConfiguration section */
		66C7B5742D73411E006E8523 /* Debug */ = {
			isa = XCBuildConfiguration;
			buildSettings = {
				ALWAYS_SEARCH_USER_PATHS = NO;
				ASSETCATALOG_COMPILER_GENERATE_SWIFT_ASSET_SYMBOL_EXTENSIONS = YES;
				CLANG_ANALYZER_NONNULL = YES;
				CLANG_ANALYZER_NUMBER_OBJECT_CONVERSION = YES_AGGRESSIVE;
				CLANG_CXX_LANGUAGE_STANDARD = "gnu++20";
				CLANG_ENABLE_MODULES = YES;
				CLANG_ENABLE_OBJC_ARC = YES;
				CLANG_ENABLE_OBJC_WEAK = YES;
				CLANG_WARN_BLOCK_CAPTURE_AUTORELEASING = YES;
				CLANG_WARN_BOOL_CONVERSION = YES;
				CLANG_WARN_COMMA = YES;
				CLANG_WARN_CONSTANT_CONVERSION = YES;
				CLANG_WARN_DEPRECATED_OBJC_IMPLEMENTATIONS = YES;
				CLANG_WARN_DIRECT_OBJC_ISA_USAGE = YES_ERROR;
				CLANG_WARN_DOCUMENTATION_COMMENTS = YES;
				CLANG_WARN_EMPTY_BODY = YES;
				CLANG_WARN_ENUM_CONVERSION = YES;
				CLANG_WARN_INFINITE_RECURSION = YES;
				CLANG_WARN_INT_CONVERSION = YES;
				CLANG_WARN_NON_LITERAL_NULL_CONVERSION = YES;
				CLANG_WARN_OBJC_IMPLICIT_RETAIN_SELF = YES;
				CLANG_WARN_OBJC_LITERAL_CONVERSION = YES;
				CLANG_WARN_OBJC_ROOT_CLASS = YES_ERROR;
				CLANG_WARN_QUOTED_INCLUDE_IN_FRAMEWORK_HEADER = YES;
				CLANG_WARN_RANGE_LOOP_ANALYSIS = YES;
				CLANG_WARN_STRICT_PROTOTYPES = YES;
				CLANG_WARN_SUSPICIOUS_MOVE = YES;
				CLANG_WARN_UNGUARDED_AVAILABILITY = YES_AGGRESSIVE;
				CLANG_WARN_UNREACHABLE_CODE = YES;
				CLANG_WARN__DUPLICATE_METHOD_MATCH = YES;
				COPY_PHASE_STRIP = NO;
				DEBUG_INFORMATION_FORMAT = dwarf;
				ENABLE_STRICT_OBJC_MSGSEND = YES;
				ENABLE_TESTABILITY = YES;
				ENABLE_USER_SCRIPT_SANDBOXING = YES;
				GCC_C_LANGUAGE_STANDARD = gnu17;
				GCC_DYNAMIC_NO_PIC = NO;
				GCC_NO_COMMON_BLOCKS = YES;
				GCC_OPTIMIZATION_LEVEL = 0;
				GCC_PREPROCESSOR_DEFINITIONS = (
					"DEBUG=1",
					"$(inherited)",
				);
				GCC_WARN_64_TO_32_BIT_CONVERSION = YES;
				GCC_WARN_ABOUT_RETURN_TYPE = YES_ERROR;
				GCC_WARN_UNDECLARED_SELECTOR = YES;
				GCC_WARN_UNINITIALIZED_AUTOS = YES_AGGRESSIVE;
				GCC_WARN_UNUSED_FUNCTION = YES;
				GCC_WARN_UNUSED_VARIABLE = YES;
				IPHONEOS_DEPLOYMENT_TARGET = 18.2;
				LOCALIZATION_PREFERS_STRING_CATALOGS = YES;
				MTL_ENABLE_DEBUG_INFO = INCLUDE_SOURCE;
				MTL_FAST_MATH = YES;
				ONLY_ACTIVE_ARCH = YES;
				SDKROOT = iphoneos;
				SWIFT_ACTIVE_COMPILATION_CONDITIONS = "DEBUG $(inherited)";
				SWIFT_OPTIMIZATION_LEVEL = "-Onone";
			};
			name = Debug;
		};
		66C7B5752D73411E006E8523 /* Release */ = {
			isa = XCBuildConfiguration;
			buildSettings = {
				ALWAYS_SEARCH_USER_PATHS = NO;
				ASSETCATALOG_COMPILER_GENERATE_SWIFT_ASSET_SYMBOL_EXTENSIONS = YES;
				CLANG_ANALYZER_NONNULL = YES;
				CLANG_ANALYZER_NUMBER_OBJECT_CONVERSION = YES_AGGRESSIVE;
				CLANG_CXX_LANGUAGE_STANDARD = "gnu++20";
				CLANG_ENABLE_MODULES = YES;
				CLANG_ENABLE_OBJC_ARC = YES;
				CLANG_ENABLE_OBJC_WEAK = YES;
				CLANG_WARN_BLOCK_CAPTURE_AUTORELEASING = YES;
				CLANG_WARN_BOOL_CONVERSION = YES;
				CLANG_WARN_COMMA = YES;
				CLANG_WARN_CONSTANT_CONVERSION = YES;
				CLANG_WARN_DEPRECATED_OBJC_IMPLEMENTATIONS = YES;
				CLANG_WARN_DIRECT_OBJC_ISA_USAGE = YES_ERROR;
				CLANG_WARN_DOCUMENTATION_COMMENTS = YES;
				CLANG_WARN_EMPTY_BODY = YES;
				CLANG_WARN_ENUM_CONVERSION = YES;
				CLANG_WARN_INFINITE_RECURSION = YES;
				CLANG_WARN_INT_CONVERSION = YES;
				CLANG_WARN_NON_LITERAL_NULL_CONVERSION = YES;
				CLANG_WARN_OBJC_IMPLICIT_RETAIN_SELF = YES;
				CLANG_WARN_OBJC_LITERAL_CONVERSION = YES;
				CLANG_WARN_OBJC_ROOT_CLASS = YES_ERROR;
				CLANG_WARN_QUOTED_INCLUDE_IN_FRAMEWORK_HEADER = YES;
				CLANG_WARN_RANGE_LOOP_ANALYSIS = YES;
				CLANG_WARN_STRICT_PROTOTYPES = YES;
				CLANG_WARN_SUSPICIOUS_MOVE = YES;
				CLANG_WARN_UNGUARDED_AVAILABILITY = YES_AGGRESSIVE;
				CLANG_WARN_UNREACHABLE_CODE = YES;
				CLANG_WARN__DUPLICATE_METHOD_MATCH = YES;
				COPY_PHASE_STRIP = NO;
				DEBUG_INFORMATION_FORMAT = "dwarf-with-dsym";
				ENABLE_NS_ASSERTIONS = NO;
				ENABLE_STRICT_OBJC_MSGSEND = YES;
				ENABLE_USER_SCRIPT_SANDBOXING = YES;
				GCC_C_LANGUAGE_STANDARD = gnu17;
				GCC_NO_COMMON_BLOCKS = YES;
				GCC_WARN_64_TO_32_BIT_CONVERSION = YES;
				GCC_WARN_ABOUT_RETURN_TYPE = YES_ERROR;
				GCC_WARN_UNDECLARED_SELECTOR = YES;
				GCC_WARN_UNINITIALIZED_AUTOS = YES_AGGRESSIVE;
				GCC_WARN_UNUSED_FUNCTION = YES;
				GCC_WARN_UNUSED_VARIABLE = YES;
				IPHONEOS_DEPLOYMENT_TARGET = 18.2;
				LOCALIZATION_PREFERS_STRING_CATALOGS = YES;
				MTL_ENABLE_DEBUG_INFO = NO;
				MTL_FAST_MATH = YES;
				SDKROOT = iphoneos;
				SWIFT_COMPILATION_MODE = wholemodule;
				VALIDATE_PRODUCT = YES;
			};
			name = Release;
		};
		66C7B5772D73411E006E8523 /* Debug */ = {
			isa = XCBuildConfiguration;
			buildSettings = {
				ASSETCATALOG_COMPILER_APPICON_NAME = AppIcon;
				ASSETCATALOG_COMPILER_GLOBAL_ACCENT_COLOR_NAME = AccentColor;
				CODE_SIGN_STYLE = Automatic;
				CURRENT_PROJECT_VERSION = 1;
				DEVELOPMENT_ASSET_PATHS = "\"PawfectPlanner/Preview Content\"";
				ENABLE_PREVIEWS = YES;
				GENERATE_INFOPLIST_FILE = YES;
				INFOPLIST_KEY_UIApplicationSceneManifest_Generation = YES;
				INFOPLIST_KEY_UIApplicationSupportsIndirectInputEvents = YES;
				INFOPLIST_KEY_UILaunchScreen_Generation = YES;
				INFOPLIST_KEY_UISupportedInterfaceOrientations_iPad = "UIInterfaceOrientationPortrait UIInterfaceOrientationPortraitUpsideDown UIInterfaceOrientationLandscapeLeft UIInterfaceOrientationLandscapeRight";
				INFOPLIST_KEY_UISupportedInterfaceOrientations_iPhone = "UIInterfaceOrientationPortrait UIInterfaceOrientationLandscapeLeft UIInterfaceOrientationLandscapeRight";
				LD_RUNPATH_SEARCH_PATHS = (
					"$(inherited)",
					"@executable_path/Frameworks",
				);
				MARKETING_VERSION = 1.0;
				PRODUCT_BUNDLE_IDENTIFIER = boushra67433.PawfectPlanner;
				PRODUCT_NAME = "$(TARGET_NAME)";
				SWIFT_EMIT_LOC_STRINGS = YES;
				SWIFT_VERSION = 5.0;
				TARGETED_DEVICE_FAMILY = "1,2";
			};
			name = Debug;
		};
		66C7B5782D73411E006E8523 /* Release */ = {
			isa = XCBuildConfiguration;
			buildSettings = {
				ASSETCATALOG_COMPILER_APPICON_NAME = AppIcon;
				ASSETCATALOG_COMPILER_GLOBAL_ACCENT_COLOR_NAME = AccentColor;
				CODE_SIGN_STYLE = Automatic;
				CURRENT_PROJECT_VERSION = 1;
				DEVELOPMENT_ASSET_PATHS = "\"PawfectPlanner/Preview Content\"";
				ENABLE_PREVIEWS = YES;
				GENERATE_INFOPLIST_FILE = YES;
				INFOPLIST_KEY_UIApplicationSceneManifest_Generation = YES;
				INFOPLIST_KEY_UIApplicationSupportsIndirectInputEvents = YES;
				INFOPLIST_KEY_UILaunchScreen_Generation = YES;
				INFOPLIST_KEY_UISupportedInterfaceOrientations_iPad = "UIInterfaceOrientationPortrait UIInterfaceOrientationPortraitUpsideDown UIInterfaceOrientationLandscapeLeft UIInterfaceOrientationLandscapeRight";
				INFOPLIST_KEY_UISupportedInterfaceOrientations_iPhone = "UIInterfaceOrientationPortrait UIInterfaceOrientationLandscapeLeft UIInterfaceOrientationLandscapeRight";
				LD_RUNPATH_SEARCH_PATHS = (
					"$(inherited)",
					"@executable_path/Frameworks",
				);
				MARKETING_VERSION = 1.0;
				PRODUCT_BUNDLE_IDENTIFIER = boushra67433.PawfectPlanner;
				PRODUCT_NAME = "$(TARGET_NAME)";
				SWIFT_EMIT_LOC_STRINGS = YES;
				SWIFT_VERSION = 5.0;
				TARGETED_DEVICE_FAMILY = "1,2";
			};
			name = Release;
		};
		66C7B57A2D73411E006E8523 /* Debug */ = {
			isa = XCBuildConfiguration;
			buildSettings = {
				BUNDLE_LOADER = "$(TEST_HOST)";
				CODE_SIGN_STYLE = Automatic;
				CURRENT_PROJECT_VERSION = 1;
				GENERATE_INFOPLIST_FILE = YES;
				IPHONEOS_DEPLOYMENT_TARGET = 18.2;
				MARKETING_VERSION = 1.0;
				PRODUCT_BUNDLE_IDENTIFIER = boushra67433.PawfectPlannerTests;
				PRODUCT_NAME = "$(TARGET_NAME)";
				SWIFT_EMIT_LOC_STRINGS = NO;
				SWIFT_VERSION = 5.0;
				TARGETED_DEVICE_FAMILY = "1,2";
				TEST_HOST = "$(BUILT_PRODUCTS_DIR)/PawfectPlanner.app/$(BUNDLE_EXECUTABLE_FOLDER_PATH)/PawfectPlanner";
			};
			name = Debug;
		};
		66C7B57B2D73411E006E8523 /* Release */ = {
			isa = XCBuildConfiguration;
			buildSettings = {
				BUNDLE_LOADER = "$(TEST_HOST)";
				CODE_SIGN_STYLE = Automatic;
				CURRENT_PROJECT_VERSION = 1;
				GENERATE_INFOPLIST_FILE = YES;
				IPHONEOS_DEPLOYMENT_TARGET = 18.2;
				MARKETING_VERSION = 1.0;
				PRODUCT_BUNDLE_IDENTIFIER = boushra67433.PawfectPlannerTests;
				PRODUCT_NAME = "$(TARGET_NAME)";
				SWIFT_EMIT_LOC_STRINGS = NO;
				SWIFT_VERSION = 5.0;
				TARGETED_DEVICE_FAMILY = "1,2";
				TEST_HOST = "$(BUILT_PRODUCTS_DIR)/PawfectPlanner.app/$(BUNDLE_EXECUTABLE_FOLDER_PATH)/PawfectPlanner";
			};
			name = Release;
		};
		66C7B57D2D73411E006E8523 /* Debug */ = {
			isa = XCBuildConfiguration;
			buildSettings = {
				CODE_SIGN_STYLE = Automatic;
				CURRENT_PROJECT_VERSION = 1;
				GENERATE_INFOPLIST_FILE = YES;
				MARKETING_VERSION = 1.0;
				PRODUCT_BUNDLE_IDENTIFIER = boushra67433.PawfectPlannerUITests;
				PRODUCT_NAME = "$(TARGET_NAME)";
				SWIFT_EMIT_LOC_STRINGS = NO;
				SWIFT_VERSION = 5.0;
				TARGETED_DEVICE_FAMILY = "1,2";
				TEST_TARGET_NAME = PawfectPlanner;
			};
			name = Debug;
		};
		66C7B57E2D73411E006E8523 /* Release */ = {
			isa = XCBuildConfiguration;
			buildSettings = {
				CODE_SIGN_STYLE = Automatic;
				CURRENT_PROJECT_VERSION = 1;
				GENERATE_INFOPLIST_FILE = YES;
				MARKETING_VERSION = 1.0;
				PRODUCT_BUNDLE_IDENTIFIER = boushra67433.PawfectPlannerUITests;
				PRODUCT_NAME = "$(TARGET_NAME)";
				SWIFT_EMIT_LOC_STRINGS = NO;
				SWIFT_VERSION = 5.0;
				TARGETED_DEVICE_FAMILY = "1,2";
				TEST_TARGET_NAME = PawfectPlanner;
			};
			name = Release;
		};
/* End XCBuildConfiguration section */

/* Begin XCConfigurationList section */
		66C7B54D2D73411C006E8523 /* Build configuration list for PBXProject "PawfectPlanner" */ = {
			isa = XCConfigurationList;
			buildConfigurations = (
				66C7B5742D73411E006E8523 /* Debug */,
				66C7B5752D73411E006E8523 /* Release */,
			);
			defaultConfigurationIsVisible = 0;
			defaultConfigurationName = Release;
		};
		66C7B5762D73411E006E8523 /* Build configuration list for PBXNativeTarget "PawfectPlanner" */ = {
			isa = XCConfigurationList;
			buildConfigurations = (
				66C7B5772D73411E006E8523 /* Debug */,
				66C7B5782D73411E006E8523 /* Release */,
			);
			defaultConfigurationIsVisible = 0;
			defaultConfigurationName = Release;
		};
		66C7B5792D73411E006E8523 /* Build configuration list for PBXNativeTarget "PawfectPlannerTests" */ = {
			isa = XCConfigurationList;
			buildConfigurations = (
				66C7B57A2D73411E006E8523 /* Debug */,
				66C7B57B2D73411E006E8523 /* Release */,
			);
			defaultConfigurationIsVisible = 0;
			defaultConfigurationName = Release;
		};
		66C7B57C2D73411E006E8523 /* Build configuration list for PBXNativeTarget "PawfectPlannerUITests" */ = {
			isa = XCConfigurationList;
			buildConfigurations = (
				66C7B57D2D73411E006E8523 /* Debug */,
				66C7B57E2D73411E006E8523 /* Release */,
			);
			defaultConfigurationIsVisible = 0;
			defaultConfigurationName = Release;
		};
/* End XCConfigurationList section */

/* Begin XCRemoteSwiftPackageReference section */
		666A46A22D73449A00C91A5F /* XCRemoteSwiftPackageReference "firebase-ios-sdk" */ = {
			isa = XCRemoteSwiftPackageReference;
			repositoryURL = "https://github.com/firebase/firebase-ios-sdk";
			requirement = {
				kind = upToNextMajorVersion;
				minimumVersion = 11.9.0;
			};
		};
/* End XCRemoteSwiftPackageReference section */

/* Begin XCSwiftPackageProductDependency section */
		666A46A32D7346F800C91A5F /* FirebaseAnalytics */ = {
			isa = XCSwiftPackageProductDependency;
			package = 666A46A22D73449A00C91A5F /* XCRemoteSwiftPackageReference "firebase-ios-sdk" */;
			productName = FirebaseAnalytics;
		};
		666A46A52D7346F800C91A5F /* FirebaseAnalyticsOnDeviceConversion */ = {
			isa = XCSwiftPackageProductDependency;
			package = 666A46A22D73449A00C91A5F /* XCRemoteSwiftPackageReference "firebase-ios-sdk" */;
			productName = FirebaseAnalyticsOnDeviceConversion;
		};
		666A46A72D7346F800C91A5F /* FirebaseAnalyticsWithoutAdIdSupport */ = {
			isa = XCSwiftPackageProductDependency;
			package = 666A46A22D73449A00C91A5F /* XCRemoteSwiftPackageReference "firebase-ios-sdk" */;
			productName = FirebaseAnalyticsWithoutAdIdSupport;
		};
		666A46A92D7346F800C91A5F /* FirebaseAppCheck */ = {
			isa = XCSwiftPackageProductDependency;
			package = 666A46A22D73449A00C91A5F /* XCRemoteSwiftPackageReference "firebase-ios-sdk" */;
			productName = FirebaseAppCheck;
		};
		666A46AB2D7346F800C91A5F /* FirebaseAppDistribution-Beta */ = {
			isa = XCSwiftPackageProductDependency;
			package = 666A46A22D73449A00C91A5F /* XCRemoteSwiftPackageReference "firebase-ios-sdk" */;
			productName = "FirebaseAppDistribution-Beta";
		};
		666A46AD2D7346F800C91A5F /* FirebaseAuth */ = {
			isa = XCSwiftPackageProductDependency;
			package = 666A46A22D73449A00C91A5F /* XCRemoteSwiftPackageReference "firebase-ios-sdk" */;
			productName = FirebaseAuth;
		};
		666A46AF2D7346F800C91A5F /* FirebaseAuthCombine-Community */ = {
			isa = XCSwiftPackageProductDependency;
			package = 666A46A22D73449A00C91A5F /* XCRemoteSwiftPackageReference "firebase-ios-sdk" */;
			productName = "FirebaseAuthCombine-Community";
		};
		666A46B12D7346F800C91A5F /* FirebaseCore */ = {
			isa = XCSwiftPackageProductDependency;
			package = 666A46A22D73449A00C91A5F /* XCRemoteSwiftPackageReference "firebase-ios-sdk" */;
			productName = FirebaseCore;
		};
/* End XCSwiftPackageProductDependency section */
	};
	rootObject = 66C7B54A2D73411C006E8523 /* Project object */;
}
